
Microsoft Visual Studio Solution File, Format Version 12.00
# Visual Studio Version 16
VisualStudioVersion = 16.0.30804.86
MinimumVisualStudioVersion = 10.0.40219.1
Project("{FAE04EC0-301F-11D3-BF4B-00C04F79EFBC}") = "ProjectGraphics", "ProjectGraphics\ProjectGraphics.csproj", "{2AAB5315-8A2F-4580-8573-63CF95A58219}"
EndProject
Global
	GlobalSection(SolutionConfigurationPlatforms) = preSolution
		Debug|Any CPU = Debug|Any CPU
		Release|Any CPU = Release|Any CPU
	EndGlobalSection
	GlobalSection(ProjectConfigurationPlatforms) = postSolution
		{2AAB5315-8A2F-4580-8573-63CF95A58219}.Debug|Any CPU.ActiveCfg = Debug|Any CPU
		{2AAB5315-8A2F-4580-8573-63CF95A58219}.Debug|Any CPU.Build.0 = Debug|Any CPU
		{2AAB5315-8A2F-4580-8573-63CF95A58219}.Release|Any CPU.ActiveCfg = Release|Any CPU
		{2AAB5315-8A2F-4580-8573-63CF95A58219}.Release|Any CPU.Build.0 = Release|Any CPU
	EndGlobalSection
	GlobalSection(SolutionProperties) = preSolution
		HideSolutionNode = FALSE
	EndGlobalSection
	GlobalSection(ExtensibilityGlobals) = postSolution
		SolutionGuid = {53809EDD-E3A0-4BC7-A5EB-7033D889254E}
	EndGlobalSection
EndGlobal
